
Terraform used the selected providers to generate the following execution
plan. Resource actions are indicated with the following symbols:
  + create

Terraform will perform the following actions:

  # aws_db_instance.secure_db will be created
  + resource "aws_db_instance" "secure_db" {
      + address                               = (known after apply)
      + allocated_storage                     = 20
      + apply_immediately                     = false
      + arn                                   = (known after apply)
      + auto_minor_version_upgrade            = true
      + availability_zone                     = (known after apply)
      + backup_retention_period               = 1
      + backup_target                         = (known after apply)
      + backup_window                         = (known after apply)
      + ca_cert_identifier                    = (known after apply)
      + character_set_name                    = (known after apply)
      + copy_tags_to_snapshot                 = false
      + database_insights_mode                = (known after apply)
      + db_name                               = "critique_db"
      + db_subnet_group_name                  = "db-subnet-group"
      + dedicated_log_volume                  = false
      + delete_automated_backups              = true
      + domain_fqdn                           = (known after apply)
      + endpoint                              = (known after apply)
      + engine                                = "mysql"
      + engine_lifecycle_support              = (known after apply)
      + engine_version                        = "8.0"
      + engine_version_actual                 = (known after apply)
      + final_snapshot_identifier             = "securecloud-final-snapshot"
      + hosted_zone_id                        = (known after apply)
      + id                                    = (known after apply)
      + identifier                            = "securecloud-mysql"
      + identifier_prefix                     = (known after apply)
      + instance_class                        = "db.t3.micro"
      + iops                                  = (known after apply)
      + kms_key_id                            = (known after apply)
      + latest_restorable_time                = (known after apply)
      + license_model                         = (known after apply)
      + listener_endpoint                     = (known after apply)
      + maintenance_window                    = (known after apply)
      + master_user_secret                    = (known after apply)
      + master_user_secret_kms_key_id         = (known after apply)
      + monitoring_interval                   = 0
      + monitoring_role_arn                   = (known after apply)
      + multi_az                              = (known after apply)
      + nchar_character_set_name              = (known after apply)
      + network_type                          = (known after apply)
      + option_group_name                     = (known after apply)
      + parameter_group_name                  = (known after apply)
      + password                              = (sensitive value)
      + password_wo                           = (write-only attribute)
      + performance_insights_enabled          = false
      + performance_insights_kms_key_id       = (known after apply)
      + performance_insights_retention_period = (known after apply)
      + port                                  = (known after apply)
      + publicly_accessible                   = false
      + replica_mode                          = (known after apply)
      + replicas                              = (known after apply)
      + resource_id                           = (known after apply)
      + skip_final_snapshot                   = false
      + snapshot_identifier                   = (known after apply)
      + status                                = (known after apply)
      + storage_encrypted                     = true
      + storage_throughput                    = (known after apply)
      + storage_type                          = (known after apply)
      + tags                                  = {
          + "Name" = "Secure-DB-Tier2"
          + "Tier" = "2"
        }
      + tags_all                              = {
          + "Name" = "Secure-DB-Tier2"
          + "Tier" = "2"
        }
      + timezone                              = (known after apply)
      + username                              = "admin-tp-terraform"
      + vpc_security_group_ids                = (known after apply)
    }

  # aws_db_subnet_group.db_subnets will be created
  + resource "aws_db_subnet_group" "db_subnets" {
      + arn                     = (known after apply)
      + description             = "Managed by Terraform"
      + id                      = (known after apply)
      + name                    = "db-subnet-group"
      + name_prefix             = (known after apply)
      + subnet_ids              = (known after apply)
      + supported_network_types = (known after apply)
      + tags                    = {
          + "Name" = "db-subnet-group"
          + "Tier" = "2"
        }
      + tags_all                = {
          + "Name" = "db-subnet-group"
          + "Tier" = "2"
        }
      + vpc_id                  = (known after apply)
    }

  # aws_instance.web_vm will be created
  + resource "aws_instance" "web_vm" {
      + ami                                  = "ami-0f3f2cef1fc7d0edb"
      + arn                                  = (known after apply)
      + associate_public_ip_address          = true
      + availability_zone                    = (known after apply)
      + cpu_core_count                       = (known after apply)
      + cpu_threads_per_core                 = (known after apply)
      + disable_api_stop                     = (known after apply)
      + disable_api_termination              = (known after apply)
      + ebs_optimized                        = (known after apply)
      + enable_primary_ipv6                  = (known after apply)
      + get_password_data                    = false
      + host_id                              = (known after apply)
      + host_resource_group_arn              = (known after apply)
      + iam_instance_profile                 = (known after apply)
      + id                                   = (known after apply)
      + instance_initiated_shutdown_behavior = (known after apply)
      + instance_lifecycle                   = (known after apply)
      + instance_state                       = (known after apply)
      + instance_type                        = "t3.micro"
      + ipv6_address_count                   = (known after apply)
      + ipv6_addresses                       = (known after apply)
      + key_name                             = "securecloud-key"
      + monitoring                           = (known after apply)
      + outpost_arn                          = (known after apply)
      + password_data                        = (known after apply)
      + placement_group                      = (known after apply)
      + placement_partition_number           = (known after apply)
      + primary_network_interface_id         = (known after apply)
      + private_dns                          = (known after apply)
      + private_ip                           = (known after apply)
      + public_dns                           = (known after apply)
      + public_ip                            = (known after apply)
      + secondary_private_ips                = (known after apply)
      + security_groups                      = (known after apply)
      + source_dest_check                    = true
      + spot_instance_request_id             = (known after apply)
      + subnet_id                            = (known after apply)
      + tags                                 = {
          + "Name" = "Web-Prod-Tier1"
          + "Tier" = "1"
        }
      + tags_all                             = {
          + "Name" = "Web-Prod-Tier1"
          + "Tier" = "1"
        }
      + tenancy                              = (known after apply)
      + user_data                            = (known after apply)
      + user_data_base64                     = (known after apply)
      + user_data_replace_on_change          = false
      + vpc_security_group_ids               = (known after apply)

      + capacity_reservation_specification (known after apply)

      + cpu_options (known after apply)

      + ebs_block_device (known after apply)

      + enclave_options (known after apply)

      + ephemeral_block_device (known after apply)

      + instance_market_options (known after apply)

      + maintenance_options (known after apply)

      + metadata_options (known after apply)

      + network_interface (known after apply)

      + private_dns_name_options (known after apply)

      + root_block_device {
          + delete_on_termination = true
          + device_name           = (known after apply)
          + encrypted             = true
          + iops                  = (known after apply)
          + kms_key_id            = (known after apply)
          + tags_all              = (known after apply)
          + throughput            = (known after apply)
          + volume_id             = (known after apply)
          + volume_size           = 20
          + volume_type           = (known after apply)
        }
    }

  # aws_internet_gateway.igw will be created
  + resource "aws_internet_gateway" "igw" {
      + arn      = (known after apply)
      + id       = (known after apply)
      + owner_id = (known after apply)
      + tags     = {
          + "Name" = "securecloud-igw"
        }
      + tags_all = {
          + "Name" = "securecloud-igw"
        }
      + vpc_id   = (known after apply)
    }

  # aws_key_pair.deployer will be created
  + resource "aws_key_pair" "deployer" {
      + arn             = (known after apply)
      + fingerprint     = (known after apply)
      + id              = (known after apply)
      + key_name        = "securecloud-key"
      + key_name_prefix = (known after apply)
      + key_pair_id     = (known after apply)
      + key_type        = (known after apply)
      + public_key      = "ssh-ed25519 AAAAC3NzaC1lZDI1NTE5AAAAIBb6rH8K/cGAgHtK9u8L5xfgZKPlcy4weICH2qtvsmdM duna@control-debian"
      + tags_all        = (known after apply)
    }

  # aws_route_table.isolated_rt will be created
  + resource "aws_route_table" "isolated_rt" {
      + arn              = (known after apply)
      + id               = (known after apply)
      + owner_id         = (known after apply)
      + propagating_vgws = (known after apply)
      + route            = (known after apply)
      + tags             = {
          + "Name" = "isolated-rt-tier0"
        }
      + tags_all         = {
          + "Name" = "isolated-rt-tier0"
        }
      + vpc_id           = (known after apply)
    }

  # aws_route_table.private_rt will be created
  + resource "aws_route_table" "private_rt" {
      + arn              = (known after apply)
      + id               = (known after apply)
      + owner_id         = (known after apply)
      + propagating_vgws = (known after apply)
      + route            = (known after apply)
      + tags             = {
          + "Name" = "private-rt-tier2"
        }
      + tags_all         = {
          + "Name" = "private-rt-tier2"
        }
      + vpc_id           = (known after apply)
    }

  # aws_route_table.public_rt will be created
  + resource "aws_route_table" "public_rt" {
      + arn              = (known after apply)
      + id               = (known after apply)
      + owner_id         = (known after apply)
      + propagating_vgws = (known after apply)
      + route            = [
          + {
              + cidr_block                 = "0.0.0.0/0"
              + gateway_id                 = (known after apply)
                # (11 unchanged attributes hidden)
            },
        ]
      + tags             = {
          + "Name" = "public-rt-tier1"
        }
      + tags_all         = {
          + "Name" = "public-rt-tier1"
        }
      + vpc_id           = (known after apply)
    }

  # aws_route_table_association.tier0_assoc will be created
  + resource "aws_route_table_association" "tier0_assoc" {
      + id             = (known after apply)
      + route_table_id = (known after apply)
      + subnet_id      = (known after apply)
    }

  # aws_route_table_association.tier1_assoc will be created
  + resource "aws_route_table_association" "tier1_assoc" {
      + id             = (known after apply)
      + route_table_id = (known after apply)
      + subnet_id      = (known after apply)
    }

  # aws_route_table_association.tier2_a_assoc will be created
  + resource "aws_route_table_association" "tier2_a_assoc" {
      + id             = (known after apply)
      + route_table_id = (known after apply)
      + subnet_id      = (known after apply)
    }

  # aws_route_table_association.tier2_b_assoc will be created
  + resource "aws_route_table_association" "tier2_b_assoc" {
      + id             = (known after apply)
      + route_table_id = (known after apply)
      + subnet_id      = (known after apply)
    }

  # aws_security_group.db_sg will be created
  + resource "aws_security_group" "db_sg" {
      + arn                    = (known after apply)
      + description            = "Tier2 DB SG: MySQL only from Tier1 SG"
      + egress                 = [
          + {
              + cidr_blocks      = [
                  + "0.0.0.0/0",
                ]
              + description      = "Outbound (needed for AWS internal services)"
              + from_port        = 0
              + ipv6_cidr_blocks = []
              + prefix_list_ids  = []
              + protocol         = "-1"
              + security_groups  = []
              + self             = false
              + to_port          = 0
            },
        ]
      + id                     = (known after apply)
      + ingress                = [
          + {
              + cidr_blocks      = []
              + description      = "MySQL from Web SG only"
              + from_port        = 3306
              + ipv6_cidr_blocks = []
              + prefix_list_ids  = []
              + protocol         = "tcp"
              + security_groups  = (known after apply)
              + self             = false
              + to_port          = 3306
            },
        ]
      + name                   = "db-tier2-sg"
      + name_prefix            = (known after apply)
      + owner_id               = (known after apply)
      + revoke_rules_on_delete = false
      + tags                   = {
          + "Name" = "db-tier2-sg"
          + "Tier" = "2"
        }
      + tags_all               = {
          + "Name" = "db-tier2-sg"
          + "Tier" = "2"
        }
      + vpc_id                 = (known after apply)
    }

  # aws_security_group.web_sg will be created
  + resource "aws_security_group" "web_sg" {
      + arn                    = (known after apply)
      + description            = "Tier1 Web SG: HTTP/HTTPS public, SSH only from management IP"
      + egress                 = [
          + {
              + cidr_blocks      = [
                  + "0.0.0.0/0",
                ]
              + description      = "All outbound (stateful return traffic allowed automatically)"
              + from_port        = 0
              + ipv6_cidr_blocks = []
              + prefix_list_ids  = []
              + protocol         = "-1"
              + security_groups  = []
              + self             = false
              + to_port          = 0
            },
        ]
      + id                     = (known after apply)
      + ingress                = [
          + {
              + cidr_blocks      = [
                  + "0.0.0.0/0",
                ]
              + description      = "HTTP"
              + from_port        = 80
              + ipv6_cidr_blocks = []
              + prefix_list_ids  = []
              + protocol         = "tcp"
              + security_groups  = []
              + self             = false
              + to_port          = 80
            },
          + {
              + cidr_blocks      = [
                  + "0.0.0.0/0",
                ]
              + description      = "HTTPS"
              + from_port        = 443
              + ipv6_cidr_blocks = []
              + prefix_list_ids  = []
              + protocol         = "tcp"
              + security_groups  = []
              + self             = false
              + to_port          = 443
            },
          + {
              + cidr_blocks      = [
                  + "104.28.230.81/32",
                ]
              + description      = "SSH from management IP only"
              + from_port        = 22
              + ipv6_cidr_blocks = []
              + prefix_list_ids  = []
              + protocol         = "tcp"
              + security_groups  = []
              + self             = false
              + to_port          = 22
            },
        ]
      + name                   = "web-tier1-sg"
      + name_prefix            = (known after apply)
      + owner_id               = (known after apply)
      + revoke_rules_on_delete = false
      + tags                   = {
          + "Name" = "web-tier1-sg"
          + "Tier" = "1"
        }
      + tags_all               = {
          + "Name" = "web-tier1-sg"
          + "Tier" = "1"
        }
      + vpc_id                 = (known after apply)
    }

  # aws_subnet.tier0_admin will be created
  + resource "aws_subnet" "tier0_admin" {
      + arn                                            = (known after apply)
      + assign_ipv6_address_on_creation                = false
      + availability_zone                              = "eu-west-3a"
      + availability_zone_id                           = (known after apply)
      + cidr_block                                     = "10.0.10.0/24"
      + enable_dns64                                   = false
      + enable_resource_name_dns_a_record_on_launch    = false
      + enable_resource_name_dns_aaaa_record_on_launch = false
      + id                                             = (known after apply)
      + ipv6_cidr_block_association_id                 = (known after apply)
      + ipv6_native                                    = false
      + map_public_ip_on_launch                        = false
      + owner_id                                       = (known after apply)
      + private_dns_hostname_type_on_launch            = (known after apply)
      + tags                                           = {
          + "Name" = "tier0-isolated"
          + "Tier" = "0"
        }
      + tags_all                                       = {
          + "Name" = "tier0-isolated"
          + "Tier" = "0"
        }
      + vpc_id                                         = (known after apply)
    }

  # aws_subnet.tier1_web will be created
  + resource "aws_subnet" "tier1_web" {
      + arn                                            = (known after apply)
      + assign_ipv6_address_on_creation                = false
      + availability_zone                              = "eu-west-3a"
      + availability_zone_id                           = (known after apply)
      + cidr_block                                     = "10.0.1.0/24"
      + enable_dns64                                   = false
      + enable_resource_name_dns_a_record_on_launch    = false
      + enable_resource_name_dns_aaaa_record_on_launch = false
      + id                                             = (known after apply)
      + ipv6_cidr_block_association_id                 = (known after apply)
      + ipv6_native                                    = false
      + map_public_ip_on_launch                        = true
      + owner_id                                       = (known after apply)
      + private_dns_hostname_type_on_launch            = (known after apply)
      + tags                                           = {
          + "Name" = "tier1-web-public"
          + "Tier" = "1"
        }
      + tags_all                                       = {
          + "Name" = "tier1-web-public"
          + "Tier" = "1"
        }
      + vpc_id                                         = (known after apply)
    }

  # aws_subnet.tier2_db_a will be created
  + resource "aws_subnet" "tier2_db_a" {
      + arn                                            = (known after apply)
      + assign_ipv6_address_on_creation                = false
      + availability_zone                              = "eu-west-3a"
      + availability_zone_id                           = (known after apply)
      + cidr_block                                     = "10.0.2.0/24"
      + enable_dns64                                   = false
      + enable_resource_name_dns_a_record_on_launch    = false
      + enable_resource_name_dns_aaaa_record_on_launch = false
      + id                                             = (known after apply)
      + ipv6_cidr_block_association_id                 = (known after apply)
      + ipv6_native                                    = false
      + map_public_ip_on_launch                        = false
      + owner_id                                       = (known after apply)
      + private_dns_hostname_type_on_launch            = (known after apply)
      + tags                                           = {
          + "Name" = "tier2-db-private-a"
          + "Tier" = "2"
        }
      + tags_all                                       = {
          + "Name" = "tier2-db-private-a"
          + "Tier" = "2"
        }
      + vpc_id                                         = (known after apply)
    }

  # aws_subnet.tier2_db_b will be created
  + resource "aws_subnet" "tier2_db_b" {
      + arn                                            = (known after apply)
      + assign_ipv6_address_on_creation                = false
      + availability_zone                              = "eu-west-3b"
      + availability_zone_id                           = (known after apply)
      + cidr_block                                     = "10.0.3.0/24"
      + enable_dns64                                   = false
      + enable_resource_name_dns_a_record_on_launch    = false
      + enable_resource_name_dns_aaaa_record_on_launch = false
      + id                                             = (known after apply)
      + ipv6_cidr_block_association_id                 = (known after apply)
      + ipv6_native                                    = false
      + map_public_ip_on_launch                        = false
      + owner_id                                       = (known after apply)
      + private_dns_hostname_type_on_launch            = (known after apply)
      + tags                                           = {
          + "Name" = "tier2-db-private-b"
          + "Tier" = "2"
        }
      + tags_all                                       = {
          + "Name" = "tier2-db-private-b"
          + "Tier" = "2"
        }
      + vpc_id                                         = (known after apply)
    }

  # aws_vpc.main will be created
  + resource "aws_vpc" "main" {
      + arn                                  = (known after apply)
      + cidr_block                           = "10.0.0.0/16"
      + default_network_acl_id               = (known after apply)
      + default_route_table_id               = (known after apply)
      + default_security_group_id            = (known after apply)
      + dhcp_options_id                      = (known after apply)
      + enable_dns_hostnames                 = true
      + enable_dns_support                   = true
      + enable_network_address_usage_metrics = (known after apply)
      + id                                   = (known after apply)
      + instance_tenancy                     = "default"
      + ipv6_association_id                  = (known after apply)
      + ipv6_cidr_block                      = (known after apply)
      + ipv6_cidr_block_network_border_group = (known after apply)
      + main_route_table_id                  = (known after apply)
      + owner_id                             = (known after apply)
      + tags                                 = {
          + "Name" = "securecloud-vpc"
        }
      + tags_all                             = {
          + "Name" = "securecloud-vpc"
        }
    }

Plan: 19 to add, 0 to change, 0 to destroy.

Changes to Outputs:
  + db_endpoint    = (known after apply)
  + web_private_ip = (known after apply)
  + web_public_ip  = (known after apply)
